
Microsoft Visual Studio Solution File, Format Version 12.00
# Visual Studio Version 17
VisualStudioVersion = 17.3.32819.101
MinimumVisualStudioVersion = 10.0.40219.1
Project("{FAE04EC0-301F-11D3-BF4B-00C04F79EFBC}") = "TallyProject", "TallyProject\TallyProject.csproj", "{C1EC9A5B-CD70-44EE-8FBB-06A316B7EC56}"
EndProject
Project("{FAE04EC0-301F-11D3-BF4B-00C04F79EFBC}") = "ControllerUnitTest", "ControllerUnitTest\ControllerUnitTest.csproj", "{165324D5-A644-47FB-8D32-9E2B8CF2945E}"
EndProject
Global
	GlobalSection(SolutionConfigurationPlatforms) = preSolution
		Debug|Any CPU = Debug|Any CPU
		Release|Any CPU = Release|Any CPU
	EndGlobalSection
	GlobalSection(ProjectConfigurationPlatforms) = postSolution
		{C1EC9A5B-CD70-44EE-8FBB-06A316B7EC56}.Debug|Any CPU.ActiveCfg = Debug|Any CPU
		{C1EC9A5B-CD70-44EE-8FBB-06A316B7EC56}.Debug|Any CPU.Build.0 = Debug|Any CPU
		{C1EC9A5B-CD70-44EE-8FBB-06A316B7EC56}.Release|Any CPU.ActiveCfg = Release|Any CPU
		{C1EC9A5B-CD70-44EE-8FBB-06A316B7EC56}.Release|Any CPU.Build.0 = Release|Any CPU
		{165324D5-A644-47FB-8D32-9E2B8CF2945E}.Debug|Any CPU.ActiveCfg = Debug|Any CPU
		{165324D5-A644-47FB-8D32-9E2B8CF2945E}.Debug|Any CPU.Build.0 = Debug|Any CPU
		{165324D5-A644-47FB-8D32-9E2B8CF2945E}.Release|Any CPU.ActiveCfg = Release|Any CPU
		{165324D5-A644-47FB-8D32-9E2B8CF2945E}.Release|Any CPU.Build.0 = Release|Any CPU
	EndGlobalSection
	GlobalSection(SolutionProperties) = preSolution
		HideSolutionNode = FALSE
	EndGlobalSection
	GlobalSection(ExtensibilityGlobals) = postSolution
		SolutionGuid = {85548964-B986-4312-A08B-9261F1BEE5A8}
	EndGlobalSection
EndGlobal
